
Microsoft Visual Studio Solution File, Format Version 12.00
# Visual Studio 15
VisualStudioVersion = 15.0.27428.2015
MinimumVisualStudioVersion = 10.0.40219.1
Project("{FAE04EC0-301F-11D3-BF4B-00C04F79EFBC}") = "GalamanCommanderWF", "GalamanCommanderWF\GalamanCommanderWF.csproj", "{0FC80D0E-A98E-4CE8-879E-72F684694BF2}"
EndProject
Global
	GlobalSection(SolutionConfigurationPlatforms) = preSolution
		Debug|Any CPU = Debug|Any CPU
		Release|Any CPU = Release|Any CPU
	EndGlobalSection
	GlobalSection(ProjectConfigurationPlatforms) = postSolution
		{0FC80D0E-A98E-4CE8-879E-72F684694BF2}.Debug|Any CPU.ActiveCfg = Debug|Any CPU
		{0FC80D0E-A98E-4CE8-879E-72F684694BF2}.Debug|Any CPU.Build.0 = Debug|Any CPU
		{0FC80D0E-A98E-4CE8-879E-72F684694BF2}.Release|Any CPU.ActiveCfg = Release|Any CPU
		{0FC80D0E-A98E-4CE8-879E-72F684694BF2}.Release|Any CPU.Build.0 = Release|Any CPU
	EndGlobalSection
	GlobalSection(SolutionProperties) = preSolution
		HideSolutionNode = FALSE
	EndGlobalSection
	GlobalSection(ExtensibilityGlobals) = postSolution
		SolutionGuid = {7BD68FE5-70F6-496D-BB53-EA5A0F0615CE}
	EndGlobalSection
EndGlobal
